{
  "name": "alias-quokka-plugin-es5-demo",
  "version": "1.0.0",
  "lockfileVersion": 1,
  "requires": true,
  "dependencies": {
    "alias-quokka-plugin": {
      "version": "github:davestewart/alias-quokka-plugin#3674943d013e09d7ae584dcf1a7d5c8e36b54661",
      "from": "github:davestewart/alias-quokka-plugin#master",
      "dev": true
    }
  }
}
